{
  "name": "ejercicios",
  "version": "1.0.0",
  "lockfileVersion": 3,
  "requires": true,
  "packages": {
    "": {
      "name": "ejercicios",
      "version": "1.0.0",
      "license": "ISC",
      "dependencies": {
        "upper-case": "file:upper-case"
      }
    },
    "node_modules/upper-case": {
      "resolved": "upper-case",
      "link": true
    },
    "upper-case": {
      "version": "1.0.0"
    },
    "vendor/upper-case": {
      "version": "1.0.0",
      "extraneous": true
    }
  }
}
